// !$*UTF8*$!
{
	archiveVersion = 1;
	classes = {
	};
	objectVersion = 46;
	objects = {

/* Begin PBXBuildFile section */
		831CBF721D08027700C2B917 /* NewMonthViewController.swift in Sources */ = {isa = PBXBuildFile; fileRef = 831CBF711D08027700C2B917 /* NewMonthViewController.swift */; };
		832160AE1D076B3300DE2F67 /* BillViewController.swift in Sources */ = {isa = PBXBuildFile; fileRef = 832160AD1D076B3300DE2F67 /* BillViewController.swift */; };
		83436B2A1D06194300FC5547 /* OverviewViewController.swift in Sources */ = {isa = PBXBuildFile; fileRef = 83436B291D06194300FC5547 /* OverviewViewController.swift */; };
		83436B2C1D06195D00FC5547 /* ListViewController.swift in Sources */ = {isa = PBXBuildFile; fileRef = 83436B2B1D06195D00FC5547 /* ListViewController.swift */; };
		83436B2E1D061D2A00FC5547 /* List.swift in Sources */ = {isa = PBXBuildFile; fileRef = 83436B2D1D061D2A00FC5547 /* List.swift */; };
		83436B321D06233500FC5547 /* Overview.swift in Sources */ = {isa = PBXBuildFile; fileRef = 83436B311D06233500FC5547 /* Overview.swift */; };
		839C9E4D1D0FE76D009C1783 /* Model.xcdatamodeld in Sources */ = {isa = PBXBuildFile; fileRef = 839C9E4B1D0FE76D009C1783 /* Model.xcdatamodeld */; };
		87D78C9B1D01A28F00DF478F /* AppDelegate.swift in Sources */ = {isa = PBXBuildFile; fileRef = 87D78C9A1D01A28F00DF478F /* AppDelegate.swift */; };
		87D78CA01D01A28F00DF478F /* Main.storyboard in Resources */ = {isa = PBXBuildFile; fileRef = 87D78C9E1D01A28F00DF478F /* Main.storyboard */; };
		87D78CA51D01A28F00DF478F /* Assets.xcassets in Resources */ = {isa = PBXBuildFile; fileRef = 87D78CA41D01A28F00DF478F /* Assets.xcassets */; };
		87D78CA81D01A28F00DF478F /* LaunchScreen.storyboard in Resources */ = {isa = PBXBuildFile; fileRef = 87D78CA61D01A28F00DF478F /* LaunchScreen.storyboard */; };
		87D78CB01D01A2FB00DF478F /* PersistentStack.swift in Sources */ = {isa = PBXBuildFile; fileRef = 87D78CAF1D01A2FB00DF478F /* PersistentStack.swift */; };
/* End PBXBuildFile section */

/* Begin PBXFileReference section */
		831CBF711D08027700C2B917 /* NewMonthViewController.swift */ = {isa = PBXFileReference; fileEncoding = 4; lastKnownFileType = sourcecode.swift; path = NewMonthViewController.swift; sourceTree = "<group>"; };
		832160AD1D076B3300DE2F67 /* BillViewController.swift */ = {isa = PBXFileReference; fileEncoding = 4; lastKnownFileType = sourcecode.swift; path = BillViewController.swift; sourceTree = "<group>"; };
		83436B291D06194300FC5547 /* OverviewViewController.swift */ = {isa = PBXFileReference; fileEncoding = 4; lastKnownFileType = sourcecode.swift; path = OverviewViewController.swift; sourceTree = "<group>"; };
		83436B2B1D06195D00FC5547 /* ListViewController.swift */ = {isa = PBXFileReference; fileEncoding = 4; lastKnownFileType = sourcecode.swift; path = ListViewController.swift; sourceTree = "<group>"; };
		83436B2D1D061D2A00FC5547 /* List.swift */ = {isa = PBXFileReference; fileEncoding = 4; lastKnownFileType = sourcecode.swift; path = List.swift; sourceTree = "<group>"; };
		83436B311D06233500FC5547 /* Overview.swift */ = {isa = PBXFileReference; fileEncoding = 4; lastKnownFileType = sourcecode.swift; path = Overview.swift; sourceTree = "<group>"; };
		839C9E4C1D0FE76D009C1783 /* Model.xcdatamodel */ = {isa = PBXFileReference; lastKnownFileType = wrapper.xcdatamodel; path = Model.xcdatamodel; sourceTree = "<group>"; };
		87D78C971D01A28F00DF478F /* DataPersistence.app */ = {isa = PBXFileReference; explicitFileType = wrapper.application; includeInIndex = 0; path = DataPersistence.app; sourceTree = BUILT_PRODUCTS_DIR; };
		87D78C9A1D01A28F00DF478F /* AppDelegate.swift */ = {isa = PBXFileReference; lastKnownFileType = sourcecode.swift; path = AppDelegate.swift; sourceTree = "<group>"; };
		87D78C9F1D01A28F00DF478F /* Base */ = {isa = PBXFileReference; lastKnownFileType = file.storyboard; name = Base; path = Base.lproj/Main.storyboard; sourceTree = "<group>"; };
		87D78CA41D01A28F00DF478F /* Assets.xcassets */ = {isa = PBXFileReference; lastKnownFileType = folder.assetcatalog; path = Assets.xcassets; sourceTree = "<group>"; };
		87D78CA71D01A28F00DF478F /* Base */ = {isa = PBXFileReference; lastKnownFileType = file.storyboard; name = Base; path = Base.lproj/LaunchScreen.storyboard; sourceTree = "<group>"; };
		87D78CA91D01A28F00DF478F /* Info.plist */ = {isa = PBXFileReference; lastKnownFileType = text.plist.xml; path = Info.plist; sourceTree = "<group>"; };
		87D78CAF1D01A2FB00DF478F /* PersistentStack.swift */ = {isa = PBXFileReference; fileEncoding = 4; lastKnownFileType = sourcecode.swift; path = PersistentStack.swift; sourceTree = "<group>"; };
/* End PBXFileReference section */

/* Begin PBXFrameworksBuildPhase section */
		87D78C941D01A28F00DF478F /* Frameworks */ = {
			isa = PBXFrameworksBuildPhase;
			buildActionMask = 2147483647;
			files = (
			);
			runOnlyForDeploymentPostprocessing = 0;
		};
/* End PBXFrameworksBuildPhase section */

/* Begin PBXGroup section */
		87D78C8E1D01A28F00DF478F = {
			isa = PBXGroup;
			children = (
				87D78C991D01A28F00DF478F /* DataPersistence */,
				87D78C981D01A28F00DF478F /* Products */,
			);
			sourceTree = "<group>";
		};
		87D78C981D01A28F00DF478F /* Products */ = {
			isa = PBXGroup;
			children = (
				87D78C971D01A28F00DF478F /* DataPersistence.app */,
			);
			name = Products;
			sourceTree = "<group>";
		};
		87D78C991D01A28F00DF478F /* DataPersistence */ = {
			isa = PBXGroup;
			children = (
				87D78C9A1D01A28F00DF478F /* AppDelegate.swift */,
				87D78CAF1D01A2FB00DF478F /* PersistentStack.swift */,
				87D78C9E1D01A28F00DF478F /* Main.storyboard */,
				87D78CBA1D01B1C600DF478F /* View Controller */,
				87D78CB11D01AB7100DF478F /* Model */,
				87D78CA41D01A28F00DF478F /* Assets.xcassets */,
				87D78CA61D01A28F00DF478F /* LaunchScreen.storyboard */,
				87D78CA91D01A28F00DF478F /* Info.plist */,
			);
			path = DataPersistence;
			sourceTree = "<group>";
		};
		87D78CB11D01AB7100DF478F /* Model */ = {
			isa = PBXGroup;
			children = (
				83436B2D1D061D2A00FC5547 /* List.swift */,
				83436B311D06233500FC5547 /* Overview.swift */,
				839C9E4B1D0FE76D009C1783 /* Model.xcdatamodeld */,
			);
			name = Model;
			sourceTree = "<group>";
		};
		87D78CBA1D01B1C600DF478F /* View Controller */ = {
			isa = PBXGroup;
			children = (
				83436B291D06194300FC5547 /* OverviewViewController.swift */,
				83436B2B1D06195D00FC5547 /* ListViewController.swift */,
				832160AD1D076B3300DE2F67 /* BillViewController.swift */,
				831CBF711D08027700C2B917 /* NewMonthViewController.swift */,
			);
			name = "View Controller";
			sourceTree = "<group>";
		};
/* End PBXGroup section */

/* Begin PBXNativeTarget section */
		87D78C961D01A28F00DF478F /* DataPersistence */ = {
			isa = PBXNativeTarget;
			buildConfigurationList = 87D78CAC1D01A28F00DF478F /* Build configuration list for PBXNativeTarget "DataPersistence" */;
			buildPhases = (
				87D78C931D01A28F00DF478F /* Sources */,
				87D78C941D01A28F00DF478F /* Frameworks */,
				87D78C951D01A28F00DF478F /* Resources */,
			);
			buildRules = (
			);
			dependencies = (
			);
			name = DataPersistence;
			productName = DataPersistence;
			productReference = 87D78C971D01A28F00DF478F /* DataPersistence.app */;
			productType = "com.apple.product-type.application";
		};
/* End PBXNativeTarget section */

/* Begin PBXProject section */
		87D78C8F1D01A28F00DF478F /* Project object */ = {
			isa = PBXProject;
			attributes = {
				LastSwiftUpdateCheck = 0730;
				LastUpgradeCheck = 0730;
				ORGANIZATIONNAME = "iOS Dev Kurs Universität Heidelberg";
				TargetAttributes = {
					87D78C961D01A28F00DF478F = {
						CreatedOnToolsVersion = 7.3.1;
					};
				};
			};
			buildConfigurationList = 87D78C921D01A28F00DF478F /* Build configuration list for PBXProject "DataPersistence" */;
			compatibilityVersion = "Xcode 3.2";
			developmentRegion = English;
			hasScannedForEncodings = 0;
			knownRegions = (
				en,
				Base,
			);
			mainGroup = 87D78C8E1D01A28F00DF478F;
			productRefGroup = 87D78C981D01A28F00DF478F /* Products */;
			projectDirPath = "";
			projectRoot = "";
			targets = (
				87D78C961D01A28F00DF478F /* DataPersistence */,
			);
		};
/* End PBXProject section */

/* Begin PBXResourcesBuildPhase section */
		87D78C951D01A28F00DF478F /* Resources */ = {
			isa = PBXResourcesBuildPhase;
			buildActionMask = 2147483647;
			files = (
				87D78CA81D01A28F00DF478F /* LaunchScreen.storyboard in Resources */,
				87D78CA51D01A28F00DF478F /* Assets.xcassets in Resources */,
				87D78CA01D01A28F00DF478F /* Main.storyboard in Resources */,
			);
			runOnlyForDeploymentPostprocessing = 0;
		};
/* End PBXResourcesBuildPhase section */

/* Begin PBXSourcesBuildPhase section */
		87D78C931D01A28F00DF478F /* Sources */ = {
			isa = PBXSourcesBuildPhase;
			buildActionMask = 2147483647;
			files = (
				83436B321D06233500FC5547 /* Overview.swift in Sources */,
				832160AE1D076B3300DE2F67 /* BillViewController.swift in Sources */,
				83436B2A1D06194300FC5547 /* OverviewViewController.swift in Sources */,
				87D78C9B1D01A28F00DF478F /* AppDelegate.swift in Sources */,
				83436B2C1D06195D00FC5547 /* ListViewController.swift in Sources */,
				839C9E4D1D0FE76D009C1783 /* Model.xcdatamodeld in Sources */,
				87D78CB01D01A2FB00DF478F /* PersistentStack.swift in Sources */,
				83436B2E1D061D2A00FC5547 /* List.swift in Sources */,
				831CBF721D08027700C2B917 /* NewMonthViewController.swift in Sources */,
			);
			runOnlyForDeploymentPostprocessing = 0;
		};
/* End PBXSourcesBuildPhase section */

/* Begin PBXVariantGroup section */
		87D78C9E1D01A28F00DF478F /* Main.storyboard */ = {
			isa = PBXVariantGroup;
			children = (
				87D78C9F1D01A28F00DF478F /* Base */,
			);
			name = Main.storyboard;
			sourceTree = "<group>";
		};
		87D78CA61D01A28F00DF478F /* LaunchScreen.storyboard */ = {
			isa = PBXVariantGroup;
			children = (
				87D78CA71D01A28F00DF478F /* Base */,
			);
			name = LaunchScreen.storyboard;
			sourceTree = "<group>";
		};
/* End PBXVariantGroup section */

/* Begin XCBuildConfiguration section */
		87D78CAA1D01A28F00DF478F /* Debug */ = {
			isa = XCBuildConfiguration;
			buildSettings = {
				ALWAYS_SEARCH_USER_PATHS = NO;
				CLANG_ANALYZER_NONNULL = YES;
				CLANG_CXX_LANGUAGE_STANDARD = "gnu++0x";
				CLANG_CXX_LIBRARY = "libc++";
				CLANG_ENABLE_MODULES = YES;
				CLANG_ENABLE_OBJC_ARC = YES;
				CLANG_WARN_BOOL_CONVERSION = YES;
				CLANG_WARN_CONSTANT_CONVERSION = YES;
				CLANG_WARN_DIRECT_OBJC_ISA_USAGE = YES_ERROR;
				CLANG_WARN_EMPTY_BODY = YES;
				CLANG_WARN_ENUM_CONVERSION = YES;
				CLANG_WARN_INT_CONVERSION = YES;
				CLANG_WARN_OBJC_ROOT_CLASS = YES_ERROR;
				CLANG_WARN_UNREACHABLE_CODE = YES;
				CLANG_WARN__DUPLICATE_METHOD_MATCH = YES;
				"CODE_SIGN_IDENTITY[sdk=iphoneos*]" = "iPhone Developer";
				COPY_PHASE_STRIP = NO;
				DEBUG_INFORMATION_FORMAT = dwarf;
				ENABLE_STRICT_OBJC_MSGSEND = YES;
				ENABLE_TESTABILITY = YES;
				GCC_C_LANGUAGE_STANDARD = gnu99;
				GCC_DYNAMIC_NO_PIC = NO;
				GCC_NO_COMMON_BLOCKS = YES;
				GCC_OPTIMIZATION_LEVEL = 0;
				GCC_PREPROCESSOR_DEFINITIONS = (
					"DEBUG=1",
					"$(inherited)",
				);
				GCC_WARN_64_TO_32_BIT_CONVERSION = YES;
				GCC_WARN_ABOUT_RETURN_TYPE = YES_ERROR;
				GCC_WARN_UNDECLARED_SELECTOR = YES;
				GCC_WARN_UNINITIALIZED_AUTOS = YES_AGGRESSIVE;
				GCC_WARN_UNUSED_FUNCTION = YES;
				GCC_WARN_UNUSED_VARIABLE = YES;
				IPHONEOS_DEPLOYMENT_TARGET = 9.3;
				MTL_ENABLE_DEBUG_INFO = YES;
				ONLY_ACTIVE_ARCH = YES;
				SDKROOT = iphoneos;
				SWIFT_OPTIMIZATION_LEVEL = "-Onone";
				TARGETED_DEVICE_FAMILY = "1,2";
			};
			name = Debug;
		};
		87D78CAB1D01A28F00DF478F /* Release */ = {
			isa = XCBuildConfiguration;
			buildSettings = {
				ALWAYS_SEARCH_USER_PATHS = NO;
				CLANG_ANALYZER_NONNULL = YES;
				CLANG_CXX_LANGUAGE_STANDARD = "gnu++0x";
				CLANG_CXX_LIBRARY = "libc++";
				CLANG_ENABLE_MODULES = YES;
				CLANG_ENABLE_OBJC_ARC = YES;
				CLANG_WARN_BOOL_CONVERSION = YES;
				CLANG_WARN_CONSTANT_CONVERSION = YES;
				CLANG_WARN_DIRECT_OBJC_ISA_USAGE = YES_ERROR;
				CLANG_WARN_EMPTY_BODY = YES;
				CLANG_WARN_ENUM_CONVERSION = YES;
				CLANG_WARN_INT_CONVERSION = YES;
				CLANG_WARN_OBJC_ROOT_CLASS = YES_ERROR;
				CLANG_WARN_UNREACHABLE_CODE = YES;
				CLANG_WARN__DUPLICATE_METHOD_MATCH = YES;
				"CODE_SIGN_IDENTITY[sdk=iphoneos*]" = "iPhone Developer";
				COPY_PHASE_STRIP = NO;
				DEBUG_INFORMATION_FORMAT = "dwarf-with-dsym";
				ENABLE_NS_ASSERTIONS = NO;
				ENABLE_STRICT_OBJC_MSGSEND = YES;
				GCC_C_LANGUAGE_STANDARD = gnu99;
				GCC_NO_COMMON_BLOCKS = YES;
				GCC_WARN_64_TO_32_BIT_CONVERSION = YES;
				GCC_WARN_ABOUT_RETURN_TYPE = YES_ERROR;
				GCC_WARN_UNDECLARED_SELECTOR = YES;
				GCC_WARN_UNINITIALIZED_AUTOS = YES_AGGRESSIVE;
				GCC_WARN_UNUSED_FUNCTION = YES;
				GCC_WARN_UNUSED_VARIABLE = YES;
				IPHONEOS_DEPLOYMENT_TARGET = 9.3;
				MTL_ENABLE_DEBUG_INFO = NO;
				SDKROOT = iphoneos;
				TARGETED_DEVICE_FAMILY = "1,2";
				VALIDATE_PRODUCT = YES;
			};
			name = Release;
		};
		87D78CAD1D01A28F00DF478F /* Debug */ = {
			isa = XCBuildConfiguration;
			buildSettings = {
				ASSETCATALOG_COMPILER_APPICON_NAME = AppIcon;
				INFOPLIST_FILE = DataPersistence/Info.plist;
				LD_RUNPATH_SEARCH_PATHS = "$(inherited) @executable_path/Frameworks";
				PRODUCT_BUNDLE_IDENTIFIER = "de.uni-heidelberg.ios-dev-kurs.DataPersistence";
				PRODUCT_NAME = "$(TARGET_NAME)";
			};
			name = Debug;
		};
		87D78CAE1D01A28F00DF478F /* Release */ = {
			isa = XCBuildConfiguration;
			buildSettings = {
				ASSETCATALOG_COMPILER_APPICON_NAME = AppIcon;
				INFOPLIST_FILE = DataPersistence/Info.plist;
				LD_RUNPATH_SEARCH_PATHS = "$(inherited) @executable_path/Frameworks";
				PRODUCT_BUNDLE_IDENTIFIER = "de.uni-heidelberg.ios-dev-kurs.DataPersistence";
				PRODUCT_NAME = "$(TARGET_NAME)";
			};
			name = Release;
		};
/* End XCBuildConfiguration section */

/* Begin XCConfigurationList section */
		87D78C921D01A28F00DF478F /* Build configuration list for PBXProject "DataPersistence" */ = {
			isa = XCConfigurationList;
			buildConfigurations = (
				87D78CAA1D01A28F00DF478F /* Debug */,
				87D78CAB1D01A28F00DF478F /* Release */,
			);
			defaultConfigurationIsVisible = 0;
			defaultConfigurationName = Release;
		};
		87D78CAC1D01A28F00DF478F /* Build configuration list for PBXNativeTarget "DataPersistence" */ = {
			isa = XCConfigurationList;
			buildConfigurations = (
				87D78CAD1D01A28F00DF478F /* Debug */,
				87D78CAE1D01A28F00DF478F /* Release */,
			);
			defaultConfigurationIsVisible = 0;
			defaultConfigurationName = Release;
		};
/* End XCConfigurationList section */

/* Begin XCVersionGroup section */
		839C9E4B1D0FE76D009C1783 /* Model.xcdatamodeld */ = {
			isa = XCVersionGroup;
			children = (
				839C9E4C1D0FE76D009C1783 /* Model.xcdatamodel */,
			);
			currentVersion = 839C9E4C1D0FE76D009C1783 /* Model.xcdatamodel */;
			path = Model.xcdatamodeld;
			sourceTree = "<group>";
			versionGroupType = wrapper.xcdatamodel;
		};
/* End XCVersionGroup section */
	};
	rootObject = 87D78C8F1D01A28F00DF478F /* Project object */;
}
